Microsoft Visual Studio Solution File, Format Version 12.00
# Visual Studio Version 17
VisualStudioVersion = 17.8.34330.188
MinimumVisualStudioVersion = 16.0.0.0
Project("{9A19103F-16F7-4668-BE54-9A1E7A4F7556}") = "BlazorChallengeIBGE", "BlazorChallengeIBGE\BlazorChallengeIBGE.csproj", "{7C2280B5-1A98-48F2-AC07-F387903BDEDA}"
EndProject
Project("{9A19103F-16F7-4668-BE54-9A1E7A4F7556}") = "BlazorChallengeIBGE.Client", "BlazorChallengeIBGE.Client\BlazorChallengeIBGE.Client.csproj", "{58AA6D02-79CC-4F29-A1B0-0B661701562F}"
EndProject
Global
	GlobalSection(SolutionConfigurationPlatforms) = preSolution
		Debug|Any CPU = Debug|Any CPU
		Debug|x64 = Debug|x64
		Debug|x86 = Debug|x86
		Release|Any CPU = Release|Any CPU
		Release|x64 = Release|x64
		Release|x86 = Release|x86
	EndGlobalSection
	GlobalSection(ProjectConfigurationPlatforms) = postSolution
		{7C2280B5-1A98-48F2-AC07-F387903BDEDA}.Debug|Any CPU.ActiveCfg = Debug|Any CPU
		{7C2280B5-1A98-48F2-AC07-F387903BDEDA}.Debug|Any CPU.Build.0 = Debug|Any CPU
		{7C2280B5-1A98-48F2-AC07-F387903BDEDA}.Debug|x64.ActiveCfg = Debug|Any CPU
		{7C2280B5-1A98-48F2-AC07-F387903BDEDA}.Debug|x64.Build.0 = Debug|Any CPU
		{7C2280B5-1A98-48F2-AC07-F387903BDEDA}.Debug|x86.ActiveCfg = Debug|Any CPU
		{7C2280B5-1A98-48F2-AC07-F387903BDEDA}.Debug|x86.Build.0 = Debug|Any CPU
		{7C2280B5-1A98-48F2-AC07-F387903BDEDA}.Release|Any CPU.ActiveCfg = Release|Any CPU
		{7C2280B5-1A98-48F2-AC07-F387903BDEDA}.Release|Any CPU.Build.0 = Release|Any CPU
		{7C2280B5-1A98-48F2-AC07-F387903BDEDA}.Release|x64.ActiveCfg = Release|Any CPU
		{7C2280B5-1A98-48F2-AC07-F387903BDEDA}.Release|x64.Build.0 = Release|Any CPU
		{7C2280B5-1A98-48F2-AC07-F387903BDEDA}.Release|x86.ActiveCfg = Release|Any CPU
		{7C2280B5-1A98-48F2-AC07-F387903BDEDA}.Release|x86.Build.0 = Release|Any CPU
		{58AA6D02-79CC-4F29-A1B0-0B661701562F}.Debug|Any CPU.ActiveCfg = Debug|Any CPU
		{58AA6D02-79CC-4F29-A1B0-0B661701562F}.Debug|Any CPU.Build.0 = Debug|Any CPU
		{58AA6D02-79CC-4F29-A1B0-0B661701562F}.Debug|x64.ActiveCfg = Debug|Any CPU
		{58AA6D02-79CC-4F29-A1B0-0B661701562F}.Debug|x64.Build.0 = Debug|Any CPU
		{58AA6D02-79CC-4F29-A1B0-0B661701562F}.Debug|x86.ActiveCfg = Debug|Any CPU
		{58AA6D02-79CC-4F29-A1B0-0B661701562F}.Debug|x86.Build.0 = Debug|Any CPU
		{58AA6D02-79CC-4F29-A1B0-0B661701562F}.Release|Any CPU.ActiveCfg = Release|Any CPU
		{58AA6D02-79CC-4F29-A1B0-0B661701562F}.Release|Any CPU.Build.0 = Release|Any CPU
		{58AA6D02-79CC-4F29-A1B0-0B661701562F}.Release|x64.ActiveCfg = Release|Any CPU
		{58AA6D02-79CC-4F29-A1B0-0B661701562F}.Release|x64.Build.0 = Release|Any CPU
		{58AA6D02-79CC-4F29-A1B0-0B661701562F}.Release|x86.ActiveCfg = Release|Any CPU
		{58AA6D02-79CC-4F29-A1B0-0B661701562F}.Release|x86.Build.0 = Release|Any CPU
	EndGlobalSection
	GlobalSection(SolutionProperties) = preSolution
		HideSolutionNode = FALSE
	EndGlobalSection
	GlobalSection(ExtensibilityGlobals) = postSolution
		SolutionGuid = {155BB9B1-570A-4516-AB91-7311885EC2ED}
	EndGlobalSection
EndGlobal
